
Microsoft Visual Studio Solution File, Format Version 12.00
# Visual Studio 15
VisualStudioVersion = 15.0.27428.2005
MinimumVisualStudioVersion = 10.0.40219.1
Project("{FAE04EC0-301F-11D3-BF4B-00C04F79EFBC}") = "VivoKey.Domain", "VivoKey.Domain\VivoKey.Domain.csproj", "{C27F09A1-84FC-477A-B595-114616A94977}"
EndProject
Project("{FAE04EC0-301F-11D3-BF4B-00C04F79EFBC}") = "VivoKey.WindowsFormsApp", "VivoKey.WindowsFormsApp\VivoKey.WindowsFormsApp.csproj", "{F6B3FDAA-8C5A-4CDA-88E1-E0CFB48666B9}"
EndProject
Global
	GlobalSection(SolutionConfigurationPlatforms) = preSolution
		Debug|Any CPU = Debug|Any CPU
		Release|Any CPU = Release|Any CPU
	EndGlobalSection
	GlobalSection(ProjectConfigurationPlatforms) = postSolution
		{C27F09A1-84FC-477A-B595-114616A94977}.Debug|Any CPU.ActiveCfg = Debug|Any CPU
		{C27F09A1-84FC-477A-B595-114616A94977}.Debug|Any CPU.Build.0 = Debug|Any CPU
		{C27F09A1-84FC-477A-B595-114616A94977}.Release|Any CPU.ActiveCfg = Release|Any CPU
		{C27F09A1-84FC-477A-B595-114616A94977}.Release|Any CPU.Build.0 = Release|Any CPU
		{F6B3FDAA-8C5A-4CDA-88E1-E0CFB48666B9}.Debug|Any CPU.ActiveCfg = Debug|Any CPU
		{F6B3FDAA-8C5A-4CDA-88E1-E0CFB48666B9}.Debug|Any CPU.Build.0 = Debug|Any CPU
		{F6B3FDAA-8C5A-4CDA-88E1-E0CFB48666B9}.Release|Any CPU.ActiveCfg = Release|Any CPU
		{F6B3FDAA-8C5A-4CDA-88E1-E0CFB48666B9}.Release|Any CPU.Build.0 = Release|Any CPU
	EndGlobalSection
	GlobalSection(SolutionProperties) = preSolution
		HideSolutionNode = FALSE
	EndGlobalSection
	GlobalSection(ExtensibilityGlobals) = postSolution
		SolutionGuid = {AD84E6B5-D675-48F0-A40D-B21955E6BFA9}
	EndGlobalSection
EndGlobal
